<?xml version="1.0" encoding="utf-8"?>
<Project ToolsVersion="4.0" xmlns="http://schemas.microsoft.com/developer/msbuild/2003">
  <ItemGroup>
    <ClCompile Include="..\dvb\ldpc_bp_decode.cpp" />
    <ClCompile Include="..\dvb\dvb-s2.cpp" />
  </ItemGroup>
  <ItemGroup>
    <Filter Include="cuda">
      <UniqueIdentifier>{693d02f6-f689-423b-8a23-831be0de9b58}</UniqueIdentifier>
    </Filter>
  </ItemGroup>
  <ItemGroup>
    <CudaCompile Include="..\dvb\ldpc_bp_decode.cu">
      <Filter>cuda</Filter>
    </CudaCompile>
  </ItemGroup>
  <ItemGroup>
    <None Include="..\dvb\ldpc_bp_decode.cuh">
      <Filter>cuda</Filter>
    </None>
    <None Include="..\dvb\ldpc_bp_decode_kernel.cuh">
      <Filter>cuda</Filter>
    </None>
  </ItemGroup>
  <ItemGroup>
    <ClInclude Include="..\dvb\ldpc_bp_decode.h" />
    <ClInclude Include="..\tests\helper_timer.h" />
  </ItemGroup>
</Project>