<?xml version="1.0" encoding="utf-8"?>
<Project ToolsVersion="4.0" xmlns="http://schemas.microsoft.com/developer/msbuild/2003">
  <ItemGroup>
    <Filter Include="cuda">
      <UniqueIdentifier>{3172d60c-35d2-499c-8aa3-e62d387ba281}</UniqueIdentifier>
    </Filter>
    <Filter Include="utility">
      <UniqueIdentifier>{ea8afedf-314b-460c-95c2-6a6a60dd9e2b}</UniqueIdentifier>
    </Filter>
  </ItemGroup>
  <ItemGroup>
    <CudaCompile Include="..\dvb\driver-updateVar.cu">
      <Filter>cuda</Filter>
    </CudaCompile>
  </ItemGroup>
  <ItemGroup>
    <None Include="..\dvb\driver-updateVar.cuh">
      <Filter>cuda</Filter>
    </None>
  </ItemGroup>
  <ItemGroup>
    <ClCompile Include="..\dvb\driver-updateVar.cpp" />
  </ItemGroup>
  <ItemGroup>
    <ClInclude Include="..\dvb\helper_timer.h" />
  </ItemGroup>
</Project>