Microsoft Visual Studio Solution File, Format Version 11.00
# Visual Studio 2010
Project("{8BC9CEB8-8B4A-11D0-8D11-00A0C91BC942}") = "itpp", "itpp.vcxproj", "{C069ECD3-26E8-437C-8B20-3A5D68B22F2A}"
EndProject
Project("{8BC9CEB8-8B4A-11D0-8D11-00A0C91BC942}") = "dvb-s2", "dvb-s2.vcxproj", "{C407E548-5783-431D-9F14-0E4D02D95549}"
EndProject
Project("{8BC9CEB8-8B4A-11D0-8D11-00A0C91BC942}") = "driver-updateVar", "driver-updateVar.vcxproj", "{1CA0F68F-BBE2-45C1-8F55-8E9D860EF687}"
EndProject
Project("{8BC9CEB8-8B4A-11D0-8D11-00A0C91BC942}") = "driver-updateChk", "driver-updateChk.vcxproj", "{1EF43B48-F2FF-4CD6-B94C-9D96FBED6E96}"
EndProject
Project("{8BC9CEB8-8B4A-11D0-8D11-00A0C91BC942}") = "ldpc_gen_codes", "ldpc_gen_codes.vcxproj", "{4542F35D-8CEA-4F77-89FA-074E28F89573}"
	ProjectSection(ProjectDependencies) = postProject
		{C069ECD3-26E8-437C-8B20-3A5D68B22F2A} = {C069ECD3-26E8-437C-8B20-3A5D68B22F2A}
	EndProjectSection
EndProject
Project("{8BC9CEB8-8B4A-11D0-8D11-00A0C91BC942}") = "ldpc_gen_datas", "ldpc_gen_datas.vcxproj", "{0D453D58-DE37-4718-A255-B8798B986983}"
EndProject
Project("{2150E333-8FDC-42A3-9474-1A3956D46DE8}") = "test", "test", "{7A7E2DD3-6A59-44E7-9D1B-CABCBF0D4F58}"
EndProject
Project("{8BC9CEB8-8B4A-11D0-8D11-00A0C91BC942}") = "testMod", "testMod.vcxproj", "{D72345EE-1FB4-4BD6-800B-8CB29E9F0704}"
EndProject
Global
	GlobalSection(SolutionConfigurationPlatforms) = preSolution
		Debug|Win32 = Debug|Win32
		Release|Win32 = Release|Win32
	EndGlobalSection
	GlobalSection(ProjectConfigurationPlatforms) = postSolution
		{C069ECD3-26E8-437C-8B20-3A5D68B22F2A}.Debug|Win32.ActiveCfg = Debug|Win32
		{C069ECD3-26E8-437C-8B20-3A5D68B22F2A}.Debug|Win32.Build.0 = Debug|Win32
		{C069ECD3-26E8-437C-8B20-3A5D68B22F2A}.Release|Win32.ActiveCfg = Release|Win32
		{C069ECD3-26E8-437C-8B20-3A5D68B22F2A}.Release|Win32.Build.0 = Release|Win32
		{C407E548-5783-431D-9F14-0E4D02D95549}.Debug|Win32.ActiveCfg = Debug|Win32
		{C407E548-5783-431D-9F14-0E4D02D95549}.Debug|Win32.Build.0 = Debug|Win32
		{C407E548-5783-431D-9F14-0E4D02D95549}.Release|Win32.ActiveCfg = Release|Win32
		{C407E548-5783-431D-9F14-0E4D02D95549}.Release|Win32.Build.0 = Release|Win32
		{1CA0F68F-BBE2-45C1-8F55-8E9D860EF687}.Debug|Win32.ActiveCfg = Debug|Win32
		{1CA0F68F-BBE2-45C1-8F55-8E9D860EF687}.Debug|Win32.Build.0 = Debug|Win32
		{1CA0F68F-BBE2-45C1-8F55-8E9D860EF687}.Release|Win32.ActiveCfg = Release|Win32
		{1CA0F68F-BBE2-45C1-8F55-8E9D860EF687}.Release|Win32.Build.0 = Release|Win32
		{1EF43B48-F2FF-4CD6-B94C-9D96FBED6E96}.Debug|Win32.ActiveCfg = Debug|Win32
		{1EF43B48-F2FF-4CD6-B94C-9D96FBED6E96}.Debug|Win32.Build.0 = Debug|Win32
		{1EF43B48-F2FF-4CD6-B94C-9D96FBED6E96}.Release|Win32.ActiveCfg = Release|Win32
		{1EF43B48-F2FF-4CD6-B94C-9D96FBED6E96}.Release|Win32.Build.0 = Release|Win32
		{4542F35D-8CEA-4F77-89FA-074E28F89573}.Debug|Win32.ActiveCfg = Debug|Win32
		{4542F35D-8CEA-4F77-89FA-074E28F89573}.Debug|Win32.Build.0 = Debug|Win32
		{4542F35D-8CEA-4F77-89FA-074E28F89573}.Release|Win32.ActiveCfg = Release|Win32
		{4542F35D-8CEA-4F77-89FA-074E28F89573}.Release|Win32.Build.0 = Release|Win32
		{0D453D58-DE37-4718-A255-B8798B986983}.Debug|Win32.ActiveCfg = Debug|Win32
		{0D453D58-DE37-4718-A255-B8798B986983}.Debug|Win32.Build.0 = Debug|Win32
		{0D453D58-DE37-4718-A255-B8798B986983}.Release|Win32.ActiveCfg = Release|Win32
		{0D453D58-DE37-4718-A255-B8798B986983}.Release|Win32.Build.0 = Release|Win32
		{D72345EE-1FB4-4BD6-800B-8CB29E9F0704}.Debug|Win32.ActiveCfg = Debug|Win32
		{D72345EE-1FB4-4BD6-800B-8CB29E9F0704}.Debug|Win32.Build.0 = Debug|Win32
		{D72345EE-1FB4-4BD6-800B-8CB29E9F0704}.Release|Win32.ActiveCfg = Release|Win32
		{D72345EE-1FB4-4BD6-800B-8CB29E9F0704}.Release|Win32.Build.0 = Release|Win32
	EndGlobalSection
	GlobalSection(SolutionProperties) = preSolution
		HideSolutionNode = FALSE
	EndGlobalSection
	GlobalSection(NestedProjects) = preSolution
		{D72345EE-1FB4-4BD6-800B-8CB29E9F0704} = {7A7E2DD3-6A59-44E7-9D1B-CABCBF0D4F58}
	EndGlobalSection
EndGlobal
