<?xml version="1.0" encoding="utf-8"?>
<Project ToolsVersion="4.0" xmlns="http://schemas.microsoft.com/developer/msbuild/2003">
  <ItemGroup>
    <Filter Include="Source Files">
      <UniqueIdentifier>{4FC737F1-C7A5-4376-A066-2A32D752A2FF}</UniqueIdentifier>
      <Extensions>cpp;c;cxx;def;odl;idl;hpj;bat;asm;asmx</Extensions>
    </Filter>
    <Filter Include="Source Files\base">
      <UniqueIdentifier>{22f9e746-1a0f-42c8-b3cd-ccc57b531680}</UniqueIdentifier>
    </Filter>
    <Filter Include="Source Files\base\algebra">
      <UniqueIdentifier>{eebd46ed-939b-4917-8a75-817a2dc6a9ee}</UniqueIdentifier>
    </Filter>
    <Filter Include="Source Files\base\math">
      <UniqueIdentifier>{c01ee9ca-f2f2-430a-a27e-3e8b1022f15a}</UniqueIdentifier>
    </Filter>
    <Filter Include="Source Files\comm">
      <UniqueIdentifier>{1006a21f-895d-46a2-a3f7-ca9e7c4c96ca}</UniqueIdentifier>
    </Filter>
    <Filter Include="Source Files\stat">
      <UniqueIdentifier>{d17123e0-1e65-4677-b2ea-e6df04fa3569}</UniqueIdentifier>
    </Filter>
    <Filter Include="Header Files">
      <UniqueIdentifier>{93995380-89BD-4b04-88EB-625FBE52EBFB}</UniqueIdentifier>
      <Extensions>h;hpp;hxx;hm;inl;inc;xsd</Extensions>
    </Filter>
    <Filter Include="Header Files\base">
      <UniqueIdentifier>{6274a8d6-4d4a-4e1e-ac89-e3d80b911423}</UniqueIdentifier>
    </Filter>
    <Filter Include="Header Files\base\algebra">
      <UniqueIdentifier>{1db2a27a-4c41-4eae-a3bc-ed08e13977ae}</UniqueIdentifier>
    </Filter>
    <Filter Include="Header Files\base\math">
      <UniqueIdentifier>{1492a1cc-04d0-4966-8711-614452df4d1c}</UniqueIdentifier>
    </Filter>
    <Filter Include="Header Files\comm">
      <UniqueIdentifier>{1d654b5a-d0b4-4cc6-8d81-19c34b891c09}</UniqueIdentifier>
    </Filter>
    <Filter Include="Header Files\stat">
      <UniqueIdentifier>{84ef5e8c-9fc4-44b1-8a30-19b33b98a5c2}</UniqueIdentifier>
    </Filter>
    <Filter Include="Header Files\signal">
      <UniqueIdentifier>{dedc949b-1a5f-4d74-bbf3-5e41c87b994a}</UniqueIdentifier>
    </Filter>
    <Filter Include="Source Files\signal">
      <UniqueIdentifier>{ac576b30-a460-49d8-9e5c-6fc035063da5}</UniqueIdentifier>
    </Filter>
  </ItemGroup>
  <ItemGroup>
    <ClCompile Include="..\itpp\base\binary.cpp">
      <Filter>Source Files\base</Filter>
    </ClCompile>
    <ClCompile Include="..\itpp\base\binfile.cpp">
      <Filter>Source Files\base</Filter>
    </ClCompile>
    <ClCompile Include="..\itpp\base\converters.cpp">
      <Filter>Source Files\base</Filter>
    </ClCompile>
    <ClCompile Include="..\itpp\base\copy_vector.cpp">
      <Filter>Source Files\base</Filter>
    </ClCompile>
    <ClCompile Include="..\itpp\base\fastmath.cpp">
      <Filter>Source Files\base</Filter>
    </ClCompile>
    <ClCompile Include="..\itpp\base\gf2mat.cpp">
      <Filter>Source Files\base</Filter>
    </ClCompile>
    <ClCompile Include="..\itpp\base\help_functions.cpp">
      <Filter>Source Files\base</Filter>
    </ClCompile>
    <ClCompile Include="..\itpp\base\itassert.cpp">
      <Filter>Source Files\base</Filter>
    </ClCompile>
    <ClCompile Include="..\itpp\base\itcompat.cpp">
      <Filter>Source Files\base</Filter>
    </ClCompile>
    <ClCompile Include="..\itpp\base\itfile.cpp">
      <Filter>Source Files\base</Filter>
    </ClCompile>
    <ClCompile Include="..\itpp\base\mat.cpp">
      <Filter>Source Files\base</Filter>
    </ClCompile>
    <ClCompile Include="..\itpp\base\matfunc.cpp">
      <Filter>Source Files\base</Filter>
    </ClCompile>
    <ClCompile Include="..\itpp\base\operators.cpp">
      <Filter>Source Files\base</Filter>
    </ClCompile>
    <ClCompile Include="..\itpp\base\parser.cpp">
      <Filter>Source Files\base</Filter>
    </ClCompile>
    <ClCompile Include="..\itpp\base\random.cpp">
      <Filter>Source Files\base</Filter>
    </ClCompile>
    <ClCompile Include="..\itpp\base\smat.cpp">
      <Filter>Source Files\base</Filter>
    </ClCompile>
    <ClCompile Include="..\itpp\base\specmat.cpp">
      <Filter>Source Files\base</Filter>
    </ClCompile>
    <ClCompile Include="..\itpp\base\svec.cpp">
      <Filter>Source Files\base</Filter>
    </ClCompile>
    <ClCompile Include="..\itpp\base\timing.cpp">
      <Filter>Source Files\base</Filter>
    </ClCompile>
    <ClCompile Include="..\itpp\base\vec.cpp">
      <Filter>Source Files\base</Filter>
    </ClCompile>
    <ClCompile Include="..\itpp\base\algebra\cholesky.cpp">
      <Filter>Source Files\base\algebra</Filter>
    </ClCompile>
    <ClCompile Include="..\itpp\base\algebra\det.cpp">
      <Filter>Source Files\base\algebra</Filter>
    </ClCompile>
    <ClCompile Include="..\itpp\base\algebra\eigen.cpp">
      <Filter>Source Files\base\algebra</Filter>
    </ClCompile>
    <ClCompile Include="..\itpp\base\algebra\inv.cpp">
      <Filter>Source Files\base\algebra</Filter>
    </ClCompile>
    <ClCompile Include="..\itpp\base\algebra\ls_solve.cpp">
      <Filter>Source Files\base\algebra</Filter>
    </ClCompile>
    <ClCompile Include="..\itpp\base\algebra\lu.cpp">
      <Filter>Source Files\base\algebra</Filter>
    </ClCompile>
    <ClCompile Include="..\itpp\base\algebra\qr.cpp">
      <Filter>Source Files\base\algebra</Filter>
    </ClCompile>
    <ClCompile Include="..\itpp\base\algebra\schur.cpp">
      <Filter>Source Files\base\algebra</Filter>
    </ClCompile>
    <ClCompile Include="..\itpp\base\algebra\svd.cpp">
      <Filter>Source Files\base\algebra</Filter>
    </ClCompile>
    <ClCompile Include="..\itpp\base\math\elem_math.cpp">
      <Filter>Source Files\base\math</Filter>
    </ClCompile>
    <ClCompile Include="..\itpp\base\math\error.cpp">
      <Filter>Source Files\base\math</Filter>
    </ClCompile>
    <ClCompile Include="..\itpp\base\math\integration.cpp">
      <Filter>Source Files\base\math</Filter>
    </ClCompile>
    <ClCompile Include="..\itpp\base\math\log_exp.cpp">
      <Filter>Source Files\base\math</Filter>
    </ClCompile>
    <ClCompile Include="..\itpp\base\math\misc.cpp">
      <Filter>Source Files\base\math</Filter>
    </ClCompile>
    <ClCompile Include="..\itpp\base\math\trig_hyp.cpp">
      <Filter>Source Files\base\math</Filter>
    </ClCompile>
    <ClCompile Include="..\itpp\comm\bch.cpp">
      <Filter>Source Files\comm</Filter>
    </ClCompile>
    <ClCompile Include="..\itpp\comm\channel.cpp">
      <Filter>Source Files\comm</Filter>
    </ClCompile>
    <ClCompile Include="..\itpp\comm\commfunc.cpp">
      <Filter>Source Files\comm</Filter>
    </ClCompile>
    <ClCompile Include="..\itpp\comm\convcode.cpp">
      <Filter>Source Files\comm</Filter>
    </ClCompile>
    <ClCompile Include="..\itpp\comm\crc.cpp">
      <Filter>Source Files\comm</Filter>
    </ClCompile>
    <ClCompile Include="..\itpp\comm\egolay.cpp">
      <Filter>Source Files\comm</Filter>
    </ClCompile>
    <ClCompile Include="..\itpp\comm\error_counters.cpp">
      <Filter>Source Files\comm</Filter>
    </ClCompile>
    <ClCompile Include="..\itpp\comm\exit.cpp">
      <Filter>Source Files\comm</Filter>
    </ClCompile>
    <ClCompile Include="..\itpp\comm\galois.cpp">
      <Filter>Source Files\comm</Filter>
    </ClCompile>
    <ClCompile Include="..\itpp\comm\hammcode.cpp">
      <Filter>Source Files\comm</Filter>
    </ClCompile>
    <ClCompile Include="..\itpp\comm\interleave.cpp">
      <Filter>Source Files\comm</Filter>
    </ClCompile>
    <ClCompile Include="..\itpp\comm\ldpc.cpp">
      <Filter>Source Files\comm</Filter>
    </ClCompile>
    <ClCompile Include="..\itpp\comm\llr.cpp">
      <Filter>Source Files\comm</Filter>
    </ClCompile>
    <ClCompile Include="..\itpp\comm\modulator.cpp">
      <Filter>Source Files\comm</Filter>
    </ClCompile>
    <ClCompile Include="..\itpp\comm\modulator_nd.cpp">
      <Filter>Source Files\comm</Filter>
    </ClCompile>
    <ClCompile Include="..\itpp\comm\ofdm.cpp">
      <Filter>Source Files\comm</Filter>
    </ClCompile>
    <ClCompile Include="..\itpp\comm\pulse_shape.cpp">
      <Filter>Source Files\comm</Filter>
    </ClCompile>
    <ClCompile Include="..\itpp\comm\punct_convcode.cpp">
      <Filter>Source Files\comm</Filter>
    </ClCompile>
    <ClCompile Include="..\itpp\comm\rec_syst_conv_code.cpp">
      <Filter>Source Files\comm</Filter>
    </ClCompile>
    <ClCompile Include="..\itpp\comm\reedsolomon.cpp">
      <Filter>Source Files\comm</Filter>
    </ClCompile>
    <ClCompile Include="..\itpp\comm\sequence.cpp">
      <Filter>Source Files\comm</Filter>
    </ClCompile>
    <ClCompile Include="..\itpp\comm\siso_dem.cpp">
      <Filter>Source Files\comm</Filter>
    </ClCompile>
    <ClCompile Include="..\itpp\comm\siso_eq.cpp">
      <Filter>Source Files\comm</Filter>
    </ClCompile>
    <ClCompile Include="..\itpp\comm\siso_mud.cpp">
      <Filter>Source Files\comm</Filter>
    </ClCompile>
    <ClCompile Include="..\itpp\comm\siso_nsc.cpp">
      <Filter>Source Files\comm</Filter>
    </ClCompile>
    <ClCompile Include="..\itpp\comm\siso_rsc.cpp">
      <Filter>Source Files\comm</Filter>
    </ClCompile>
    <ClCompile Include="..\itpp\comm\spread.cpp">
      <Filter>Source Files\comm</Filter>
    </ClCompile>
    <ClCompile Include="..\itpp\comm\stc.cpp">
      <Filter>Source Files\comm</Filter>
    </ClCompile>
    <ClCompile Include="..\itpp\comm\turbo.cpp">
      <Filter>Source Files\comm</Filter>
    </ClCompile>
    <ClCompile Include="..\itpp\stat\misc_stat.cpp">
      <Filter>Source Files\stat</Filter>
    </ClCompile>
    <ClCompile Include="..\itpp\stat\mog_diag.cpp">
      <Filter>Source Files\stat</Filter>
    </ClCompile>
    <ClCompile Include="..\itpp\stat\mog_diag_em.cpp">
      <Filter>Source Files\stat</Filter>
    </ClCompile>
    <ClCompile Include="..\itpp\stat\mog_diag_kmeans.cpp">
      <Filter>Source Files\stat</Filter>
    </ClCompile>
    <ClCompile Include="..\itpp\stat\mog_generic.cpp">
      <Filter>Source Files\stat</Filter>
    </ClCompile>
    <ClCompile Include="..\itpp\signal\fastica.cpp">
      <Filter>Source Files\signal</Filter>
    </ClCompile>
    <ClCompile Include="..\itpp\signal\window.cpp">
      <Filter>Source Files\signal</Filter>
    </ClCompile>
    <ClCompile Include="..\itpp\signal\filter.cpp">
      <Filter>Source Files\signal</Filter>
    </ClCompile>
    <ClCompile Include="..\itpp\signal\filter_design.cpp">
      <Filter>Source Files\signal</Filter>
    </ClCompile>
    <ClCompile Include="..\itpp\signal\freq_filt.cpp">
      <Filter>Source Files\signal</Filter>
    </ClCompile>
    <ClCompile Include="..\itpp\signal\poly.cpp">
      <Filter>Source Files\signal</Filter>
    </ClCompile>
    <ClCompile Include="..\itpp\signal\resampling.cpp">
      <Filter>Source Files\signal</Filter>
    </ClCompile>
    <ClCompile Include="..\itpp\signal\sigfun.cpp">
      <Filter>Source Files\signal</Filter>
    </ClCompile>
    <ClCompile Include="..\itpp\signal\source.cpp">
      <Filter>Source Files\signal</Filter>
    </ClCompile>
    <ClCompile Include="..\itpp\signal\transforms.cpp">
      <Filter>Source Files\signal</Filter>
    </ClCompile>
  </ItemGroup>
  <ItemGroup>
    <ClInclude Include="..\itpp\config_msvc.h">
      <Filter>Header Files</Filter>
    </ClInclude>
    <ClInclude Include="..\itpp\itbase.h">
      <Filter>Header Files</Filter>
    </ClInclude>
    <ClInclude Include="..\itpp\itcomm.h">
      <Filter>Header Files</Filter>
    </ClInclude>
    <ClInclude Include="..\itpp\itmex.h">
      <Filter>Header Files</Filter>
    </ClInclude>
    <ClInclude Include="..\itpp\itstat.h">
      <Filter>Header Files</Filter>
    </ClInclude>
    <ClInclude Include="..\itpp\base\array.h">
      <Filter>Header Files\base</Filter>
    </ClInclude>
    <ClInclude Include="..\itpp\base\binary.h">
      <Filter>Header Files\base</Filter>
    </ClInclude>
    <ClInclude Include="..\itpp\base\binfile.h">
      <Filter>Header Files\base</Filter>
    </ClInclude>
    <ClInclude Include="..\itpp\base\blas.h">
      <Filter>Header Files\base</Filter>
    </ClInclude>
    <ClInclude Include="..\itpp\base\circular_buffer.h">
      <Filter>Header Files\base</Filter>
    </ClInclude>
    <ClInclude Include="..\itpp\base\converters.h">
      <Filter>Header Files\base</Filter>
    </ClInclude>
    <ClInclude Include="..\itpp\base\copy_vector.h">
      <Filter>Header Files\base</Filter>
    </ClInclude>
    <ClInclude Include="..\itpp\base\factory.h">
      <Filter>Header Files\base</Filter>
    </ClInclude>
    <ClInclude Include="..\itpp\base\fastmath.h">
      <Filter>Header Files\base</Filter>
    </ClInclude>
    <ClInclude Include="..\itpp\base\gf2mat.h">
      <Filter>Header Files\base</Filter>
    </ClInclude>
    <ClInclude Include="..\itpp\base\help_functions.h">
      <Filter>Header Files\base</Filter>
    </ClInclude>
    <ClInclude Include="..\itpp\base\itassert.h">
      <Filter>Header Files\base</Filter>
    </ClInclude>
    <ClInclude Include="..\itpp\base\itcompat.h">
      <Filter>Header Files\base</Filter>
    </ClInclude>
    <ClInclude Include="..\itpp\base\itfile.h">
      <Filter>Header Files\base</Filter>
    </ClInclude>
    <ClInclude Include="..\itpp\base\ittypes.h">
      <Filter>Header Files\base</Filter>
    </ClInclude>
    <ClInclude Include="..\itpp\base\mat.h">
      <Filter>Header Files\base</Filter>
    </ClInclude>
    <ClInclude Include="..\itpp\base\matfunc.h">
      <Filter>Header Files\base</Filter>
    </ClInclude>
    <ClInclude Include="..\itpp\base\operators.h">
      <Filter>Header Files\base</Filter>
    </ClInclude>
    <ClInclude Include="..\itpp\base\parser.h">
      <Filter>Header Files\base</Filter>
    </ClInclude>
    <ClInclude Include="..\itpp\base\random.h">
      <Filter>Header Files\base</Filter>
    </ClInclude>
    <ClInclude Include="..\itpp\base\smat.h">
      <Filter>Header Files\base</Filter>
    </ClInclude>
    <ClInclude Include="..\itpp\base\sort.h">
      <Filter>Header Files\base</Filter>
    </ClInclude>
    <ClInclude Include="..\itpp\base\specmat.h">
      <Filter>Header Files\base</Filter>
    </ClInclude>
    <ClInclude Include="..\itpp\base\stack.h">
      <Filter>Header Files\base</Filter>
    </ClInclude>
    <ClInclude Include="..\itpp\base\svec.h">
      <Filter>Header Files\base</Filter>
    </ClInclude>
    <ClInclude Include="..\itpp\base\timing.h">
      <Filter>Header Files\base</Filter>
    </ClInclude>
    <ClInclude Include="..\itpp\base\vec.h">
      <Filter>Header Files\base</Filter>
    </ClInclude>
    <ClInclude Include="..\itpp\base\algebra\cholesky.h">
      <Filter>Header Files\base\algebra</Filter>
    </ClInclude>
    <ClInclude Include="..\itpp\base\algebra\det.h">
      <Filter>Header Files\base\algebra</Filter>
    </ClInclude>
    <ClInclude Include="..\itpp\base\algebra\eigen.h">
      <Filter>Header Files\base\algebra</Filter>
    </ClInclude>
    <ClInclude Include="..\itpp\base\algebra\inv.h">
      <Filter>Header Files\base\algebra</Filter>
    </ClInclude>
    <ClInclude Include="..\itpp\base\algebra\lapack.h">
      <Filter>Header Files\base\algebra</Filter>
    </ClInclude>
    <ClInclude Include="..\itpp\base\algebra\ls_solve.h">
      <Filter>Header Files\base\algebra</Filter>
    </ClInclude>
    <ClInclude Include="..\itpp\base\algebra\lu.h">
      <Filter>Header Files\base\algebra</Filter>
    </ClInclude>
    <ClInclude Include="..\itpp\base\algebra\qr.h">
      <Filter>Header Files\base\algebra</Filter>
    </ClInclude>
    <ClInclude Include="..\itpp\base\algebra\schur.h">
      <Filter>Header Files\base\algebra</Filter>
    </ClInclude>
    <ClInclude Include="..\itpp\base\algebra\svd.h">
      <Filter>Header Files\base\algebra</Filter>
    </ClInclude>
    <ClInclude Include="..\itpp\base\math\elem_math.h">
      <Filter>Header Files\base\math</Filter>
    </ClInclude>
    <ClInclude Include="..\itpp\base\math\error.h">
      <Filter>Header Files\base\math</Filter>
    </ClInclude>
    <ClInclude Include="..\itpp\base\math\integration.h">
      <Filter>Header Files\base\math</Filter>
    </ClInclude>
    <ClInclude Include="..\itpp\base\math\log_exp.h">
      <Filter>Header Files\base\math</Filter>
    </ClInclude>
    <ClInclude Include="..\itpp\base\math\min_max.h">
      <Filter>Header Files\base\math</Filter>
    </ClInclude>
    <ClInclude Include="..\itpp\base\math\misc.h">
      <Filter>Header Files\base\math</Filter>
    </ClInclude>
    <ClInclude Include="..\itpp\base\math\trig_hyp.h">
      <Filter>Header Files\base\math</Filter>
    </ClInclude>
    <ClInclude Include="..\itpp\comm\bch.h">
      <Filter>Header Files\comm</Filter>
    </ClInclude>
    <ClInclude Include="..\itpp\comm\channel.h">
      <Filter>Header Files\comm</Filter>
    </ClInclude>
    <ClInclude Include="..\itpp\comm\channel_code.h">
      <Filter>Header Files\comm</Filter>
    </ClInclude>
    <ClInclude Include="..\itpp\comm\commfunc.h">
      <Filter>Header Files\comm</Filter>
    </ClInclude>
    <ClInclude Include="..\itpp\comm\convcode.h">
      <Filter>Header Files\comm</Filter>
    </ClInclude>
    <ClInclude Include="..\itpp\comm\crc.h">
      <Filter>Header Files\comm</Filter>
    </ClInclude>
    <ClInclude Include="..\itpp\comm\egolay.h">
      <Filter>Header Files\comm</Filter>
    </ClInclude>
    <ClInclude Include="..\itpp\comm\error_counters.h">
      <Filter>Header Files\comm</Filter>
    </ClInclude>
    <ClInclude Include="..\itpp\comm\exit.h">
      <Filter>Header Files\comm</Filter>
    </ClInclude>
    <ClInclude Include="..\itpp\comm\galois.h">
      <Filter>Header Files\comm</Filter>
    </ClInclude>
    <ClInclude Include="..\itpp\comm\hammcode.h">
      <Filter>Header Files\comm</Filter>
    </ClInclude>
    <ClInclude Include="..\itpp\comm\interleave.h">
      <Filter>Header Files\comm</Filter>
    </ClInclude>
    <ClInclude Include="..\itpp\comm\ldpc.h">
      <Filter>Header Files\comm</Filter>
    </ClInclude>
    <ClInclude Include="..\itpp\comm\llr.h">
      <Filter>Header Files\comm</Filter>
    </ClInclude>
    <ClInclude Include="..\itpp\comm\modulator.h">
      <Filter>Header Files\comm</Filter>
    </ClInclude>
    <ClInclude Include="..\itpp\comm\modulator_nd.h">
      <Filter>Header Files\comm</Filter>
    </ClInclude>
    <ClInclude Include="..\itpp\comm\ofdm.h">
      <Filter>Header Files\comm</Filter>
    </ClInclude>
    <ClInclude Include="..\itpp\comm\pulse_shape.h">
      <Filter>Header Files\comm</Filter>
    </ClInclude>
    <ClInclude Include="..\itpp\comm\punct_convcode.h">
      <Filter>Header Files\comm</Filter>
    </ClInclude>
    <ClInclude Include="..\itpp\comm\rec_syst_conv_code.h">
      <Filter>Header Files\comm</Filter>
    </ClInclude>
    <ClInclude Include="..\itpp\comm\reedsolomon.h">
      <Filter>Header Files\comm</Filter>
    </ClInclude>
    <ClInclude Include="..\itpp\comm\sequence.h">
      <Filter>Header Files\comm</Filter>
    </ClInclude>
    <ClInclude Include="..\itpp\comm\siso.h">
      <Filter>Header Files\comm</Filter>
    </ClInclude>
    <ClInclude Include="..\itpp\comm\spread.h">
      <Filter>Header Files\comm</Filter>
    </ClInclude>
    <ClInclude Include="..\itpp\comm\stc.h">
      <Filter>Header Files\comm</Filter>
    </ClInclude>
    <ClInclude Include="..\itpp\comm\turbo.h">
      <Filter>Header Files\comm</Filter>
    </ClInclude>
    <ClInclude Include="..\itpp\stat\histogram.h">
      <Filter>Header Files\stat</Filter>
    </ClInclude>
    <ClInclude Include="..\itpp\stat\misc_stat.h">
      <Filter>Header Files\stat</Filter>
    </ClInclude>
    <ClInclude Include="..\itpp\stat\mog_diag.h">
      <Filter>Header Files\stat</Filter>
    </ClInclude>
    <ClInclude Include="..\itpp\stat\mog_diag_em.h">
      <Filter>Header Files\stat</Filter>
    </ClInclude>
    <ClInclude Include="..\itpp\stat\mog_diag_kmeans.h">
      <Filter>Header Files\stat</Filter>
    </ClInclude>
    <ClInclude Include="..\itpp\stat\mog_generic.h">
      <Filter>Header Files\stat</Filter>
    </ClInclude>
    <ClInclude Include="..\itpp\itsignal.h">
      <Filter>Header Files</Filter>
    </ClInclude>
    <ClInclude Include="..\itpp\signal\fastica.h">
      <Filter>Header Files\signal</Filter>
    </ClInclude>
    <ClInclude Include="..\itpp\signal\filter.h">
      <Filter>Header Files\signal</Filter>
    </ClInclude>
    <ClInclude Include="..\itpp\signal\filter_design.h">
      <Filter>Header Files\signal</Filter>
    </ClInclude>
    <ClInclude Include="..\itpp\signal\freq_filt.h">
      <Filter>Header Files\signal</Filter>
    </ClInclude>
    <ClInclude Include="..\itpp\signal\poly.h">
      <Filter>Header Files\signal</Filter>
    </ClInclude>
    <ClInclude Include="..\itpp\signal\resampling.h">
      <Filter>Header Files\signal</Filter>
    </ClInclude>
    <ClInclude Include="..\itpp\signal\sigfun.h">
      <Filter>Header Files\signal</Filter>
    </ClInclude>
    <ClInclude Include="..\itpp\signal\source.h">
      <Filter>Header Files\signal</Filter>
    </ClInclude>
    <ClInclude Include="..\itpp\signal\transforms.h">
      <Filter>Header Files\signal</Filter>
    </ClInclude>
    <ClInclude Include="..\itpp\signal\window.h">
      <Filter>Header Files\signal</Filter>
    </ClInclude>
  </ItemGroup>
</Project>